
Microsoft Visual Studio Solution File, Format Version 12.00
# Visual Studio Version 16
VisualStudioVersion = 16.0.30804.86
MinimumVisualStudioVersion = 10.0.40219.1
Project("{FAE04EC0-301F-11D3-BF4B-00C04F79EFBC}") = "MarkdownBlogEngine.Server", "MarkdownBlogEngine\Server\MarkdownBlogEngine.Server.csproj", "{6147B676-96D6-45AA-B62A-BAFB98CE333B}"
EndProject
Project("{FAE04EC0-301F-11D3-BF4B-00C04F79EFBC}") = "MarkdownBlogEngine.Client", "MarkdownBlogEngine\Client\MarkdownBlogEngine.Client.csproj", "{9A38C31E-EAFF-4BDF-AD02-54CEBD3341A8}"
EndProject
Project("{FAE04EC0-301F-11D3-BF4B-00C04F79EFBC}") = "MarkdownBlogEngine.Shared", "MarkdownBlogEngine\Shared\MarkdownBlogEngine.Shared.csproj", "{ADFC34D6-1D27-4391-A87A-5D694F7333A1}"
EndProject
Project("{9A19103F-16F7-4668-BE54-9A1E7A4F7556}") = "MarkdownBlogEngine.Core", "MarkdownBlogEngine\MarkdownBlog.Core\MarkdownBlogEngine.Core.csproj", "{89CE57EB-7647-493E-8453-DF3D36D8C0E5}"
EndProject
Project("{9A19103F-16F7-4668-BE54-9A1E7A4F7556}") = "MarkdownBlogEngine.Dal", "MarkdownBlogEngine\MarkdownBlog.Dal\MarkdownBlogEngine.Dal.csproj", "{23766F74-8795-418A-B38F-C3F443C01BD5}"
EndProject
Global
	GlobalSection(SolutionConfigurationPlatforms) = preSolution
		Debug|Any CPU = Debug|Any CPU
		Release|Any CPU = Release|Any CPU
	EndGlobalSection
	GlobalSection(ProjectConfigurationPlatforms) = postSolution
		{6147B676-96D6-45AA-B62A-BAFB98CE333B}.Debug|Any CPU.ActiveCfg = Debug|Any CPU
		{6147B676-96D6-45AA-B62A-BAFB98CE333B}.Debug|Any CPU.Build.0 = Debug|Any CPU
		{6147B676-96D6-45AA-B62A-BAFB98CE333B}.Release|Any CPU.ActiveCfg = Release|Any CPU
		{6147B676-96D6-45AA-B62A-BAFB98CE333B}.Release|Any CPU.Build.0 = Release|Any CPU
		{9A38C31E-EAFF-4BDF-AD02-54CEBD3341A8}.Debug|Any CPU.ActiveCfg = Debug|Any CPU
		{9A38C31E-EAFF-4BDF-AD02-54CEBD3341A8}.Debug|Any CPU.Build.0 = Debug|Any CPU
		{9A38C31E-EAFF-4BDF-AD02-54CEBD3341A8}.Release|Any CPU.ActiveCfg = Release|Any CPU
		{9A38C31E-EAFF-4BDF-AD02-54CEBD3341A8}.Release|Any CPU.Build.0 = Release|Any CPU
		{ADFC34D6-1D27-4391-A87A-5D694F7333A1}.Debug|Any CPU.ActiveCfg = Debug|Any CPU
		{ADFC34D6-1D27-4391-A87A-5D694F7333A1}.Debug|Any CPU.Build.0 = Debug|Any CPU
		{ADFC34D6-1D27-4391-A87A-5D694F7333A1}.Release|Any CPU.ActiveCfg = Release|Any CPU
		{ADFC34D6-1D27-4391-A87A-5D694F7333A1}.Release|Any CPU.Build.0 = Release|Any CPU
		{89CE57EB-7647-493E-8453-DF3D36D8C0E5}.Debug|Any CPU.ActiveCfg = Debug|Any CPU
		{89CE57EB-7647-493E-8453-DF3D36D8C0E5}.Debug|Any CPU.Build.0 = Debug|Any CPU
		{89CE57EB-7647-493E-8453-DF3D36D8C0E5}.Release|Any CPU.ActiveCfg = Release|Any CPU
		{89CE57EB-7647-493E-8453-DF3D36D8C0E5}.Release|Any CPU.Build.0 = Release|Any CPU
		{23766F74-8795-418A-B38F-C3F443C01BD5}.Debug|Any CPU.ActiveCfg = Debug|Any CPU
		{23766F74-8795-418A-B38F-C3F443C01BD5}.Debug|Any CPU.Build.0 = Debug|Any CPU
		{23766F74-8795-418A-B38F-C3F443C01BD5}.Release|Any CPU.ActiveCfg = Release|Any CPU
		{23766F74-8795-418A-B38F-C3F443C01BD5}.Release|Any CPU.Build.0 = Release|Any CPU
	EndGlobalSection
	GlobalSection(SolutionProperties) = preSolution
		HideSolutionNode = FALSE
	EndGlobalSection
	GlobalSection(ExtensibilityGlobals) = postSolution
		SolutionGuid = {9DC73CE0-005F-482C-BAF5-F322E4A48BB3}
	EndGlobalSection
EndGlobal
